// !$*UTF8*$!
{
	archiveVersion = 1;
	classes = {
	};
	objectVersion = 56;
	objects = {

/* Begin PBXBuildFile section */
		B0D1CBBF2BDBCB1D0022F143 /* AppDelegate.swift in Sources */ = {isa = PBXBuildFile; fileRef = B0D1CBBE2BDBCB1D0022F143 /* AppDelegate.swift */; };
		B0D1CBC12BDBCB1D0022F143 /* SceneDelegate.swift in Sources */ = {isa = PBXBuildFile; fileRef = B0D1CBC02BDBCB1D0022F143 /* SceneDelegate.swift */; };
		B0D1CBC82BDBCB1F0022F143 /* Assets.xcassets in Resources */ = {isa = PBXBuildFile; fileRef = B0D1CBC72BDBCB1F0022F143 /* Assets.xcassets */; };
		B0D1CBCB2BDBCB1F0022F143 /* Base in Resources */ = {isa = PBXBuildFile; fileRef = B0D1CBCA2BDBCB1F0022F143 /* Base */; };
		B0D1CBD62BDBCC490022F143 /* LoginViewController.swift in Sources */ = {isa = PBXBuildFile; fileRef = B0D1CBD52BDBCC490022F143 /* LoginViewController.swift */; };
		B0D1CBD82BDBCC5B0022F143 /* ForgotPasswordViewController.swift in Sources */ = {isa = PBXBuildFile; fileRef = B0D1CBD72BDBCC5B0022F143 /* ForgotPasswordViewController.swift */; };
		B0D1CBDA2BDBCC760022F143 /* HomeViewController.swift in Sources */ = {isa = PBXBuildFile; fileRef = B0D1CBD92BDBCC760022F143 /* HomeViewController.swift */; };
		B0D1CBDC2BDBCC9F0022F143 /* RegisterViewController.swift in Sources */ = {isa = PBXBuildFile; fileRef = B0D1CBDB2BDBCC9F0022F143 /* RegisterViewController.swift */; };
		B0D1CBDF2BDBCD9B0022F143 /* AuthHeaderView.swift in Sources */ = {isa = PBXBuildFile; fileRef = B0D1CBDE2BDBCD9B0022F143 /* AuthHeaderView.swift */; };
		B0D1CBE12BDBD8340022F143 /* CustomTextField.swift in Sources */ = {isa = PBXBuildFile; fileRef = B0D1CBE02BDBD8340022F143 /* CustomTextField.swift */; };
		B0D1CBE32BDBDE210022F143 /* CustomButton.swift in Sources */ = {isa = PBXBuildFile; fileRef = B0D1CBE22BDBDE210022F143 /* CustomButton.swift */; };
		B0D1CBE52BDBEA720022F143 /* WebViewController.swift in Sources */ = {isa = PBXBuildFile; fileRef = B0D1CBE42BDBEA720022F143 /* WebViewController.swift */; };
		B0D1CBE72BDC14A70022F143 /* AlertManager.swift in Sources */ = {isa = PBXBuildFile; fileRef = B0D1CBE62BDC14A70022F143 /* AlertManager.swift */; };
/* End PBXBuildFile section */

/* Begin PBXFileReference section */
		B0D1CBBB2BDBCB1D0022F143 /* swift-login-system.app */ = {isa = PBXFileReference; explicitFileType = wrapper.application; includeInIndex = 0; path = "swift-login-system.app"; sourceTree = BUILT_PRODUCTS_DIR; };
		B0D1CBBE2BDBCB1D0022F143 /* AppDelegate.swift */ = {isa = PBXFileReference; lastKnownFileType = sourcecode.swift; path = AppDelegate.swift; sourceTree = "<group>"; };
		B0D1CBC02BDBCB1D0022F143 /* SceneDelegate.swift */ = {isa = PBXFileReference; lastKnownFileType = sourcecode.swift; path = SceneDelegate.swift; sourceTree = "<group>"; };
		B0D1CBC72BDBCB1F0022F143 /* Assets.xcassets */ = {isa = PBXFileReference; lastKnownFileType = folder.assetcatalog; path = Assets.xcassets; sourceTree = "<group>"; };
		B0D1CBCA2BDBCB1F0022F143 /* Base */ = {isa = PBXFileReference; lastKnownFileType = file.storyboard; name = Base; path = Base.lproj/LaunchScreen.storyboard; sourceTree = "<group>"; };
		B0D1CBCC2BDBCB1F0022F143 /* Info.plist */ = {isa = PBXFileReference; lastKnownFileType = text.plist.xml; path = Info.plist; sourceTree = "<group>"; };
		B0D1CBD52BDBCC490022F143 /* LoginViewController.swift */ = {isa = PBXFileReference; lastKnownFileType = sourcecode.swift; path = LoginViewController.swift; sourceTree = "<group>"; };
		B0D1CBD72BDBCC5B0022F143 /* ForgotPasswordViewController.swift */ = {isa = PBXFileReference; lastKnownFileType = sourcecode.swift; path = ForgotPasswordViewController.swift; sourceTree = "<group>"; };
		B0D1CBD92BDBCC760022F143 /* HomeViewController.swift */ = {isa = PBXFileReference; lastKnownFileType = sourcecode.swift; path = HomeViewController.swift; sourceTree = "<group>"; };
		B0D1CBDB2BDBCC9F0022F143 /* RegisterViewController.swift */ = {isa = PBXFileReference; lastKnownFileType = sourcecode.swift; path = RegisterViewController.swift; sourceTree = "<group>"; };
		B0D1CBDE2BDBCD9B0022F143 /* AuthHeaderView.swift */ = {isa = PBXFileReference; lastKnownFileType = sourcecode.swift; path = AuthHeaderView.swift; sourceTree = "<group>"; };
		B0D1CBE02BDBD8340022F143 /* CustomTextField.swift */ = {isa = PBXFileReference; lastKnownFileType = sourcecode.swift; path = CustomTextField.swift; sourceTree = "<group>"; };
		B0D1CBE22BDBDE210022F143 /* CustomButton.swift */ = {isa = PBXFileReference; lastKnownFileType = sourcecode.swift; path = CustomButton.swift; sourceTree = "<group>"; };
		B0D1CBE42BDBEA720022F143 /* WebViewController.swift */ = {isa = PBXFileReference; lastKnownFileType = sourcecode.swift; path = WebViewController.swift; sourceTree = "<group>"; };
		B0D1CBE62BDC14A70022F143 /* AlertManager.swift */ = {isa = PBXFileReference; lastKnownFileType = sourcecode.swift; path = AlertManager.swift; sourceTree = "<group>"; };
/* End PBXFileReference section */

/* Begin PBXFrameworksBuildPhase section */
		B0D1CBB82BDBCB1D0022F143 /* Frameworks */ = {
			isa = PBXFrameworksBuildPhase;
			buildActionMask = 2147483647;
			files = (
			);
			runOnlyForDeploymentPostprocessing = 0;
		};
/* End PBXFrameworksBuildPhase section */

/* Begin PBXGroup section */
		B0D1CBB22BDBCB1D0022F143 = {
			isa = PBXGroup;
			children = (
				B0D1CBBD2BDBCB1D0022F143 /* swift-login-system */,
				B0D1CBBC2BDBCB1D0022F143 /* Products */,
			);
			sourceTree = "<group>";
		};
		B0D1CBBC2BDBCB1D0022F143 /* Products */ = {
			isa = PBXGroup;
			children = (
				B0D1CBBB2BDBCB1D0022F143 /* swift-login-system.app */,
			);
			name = Products;
			sourceTree = "<group>";
		};
		B0D1CBBD2BDBCB1D0022F143 /* swift-login-system */ = {
			isa = PBXGroup;
			children = (
				B0D1CBE82BDC3B540022F143 /* Managers */,
				B0D1CBDD2BDBCD7F0022F143 /* Views */,
				B0D1CBD42BDBCC040022F143 /* Controllers */,
				B0D1CBD32BDBCBF10022F143 /* Delegate */,
				B0D1CBD22BDBCBC40022F143 /* Files */,
			);
			path = "swift-login-system";
			sourceTree = "<group>";
		};
		B0D1CBD22BDBCBC40022F143 /* Files */ = {
			isa = PBXGroup;
			children = (
				B0D1CBCC2BDBCB1F0022F143 /* Info.plist */,
				B0D1CBC92BDBCB1F0022F143 /* LaunchScreen.storyboard */,
				B0D1CBC72BDBCB1F0022F143 /* Assets.xcassets */,
			);
			name = Files;
			sourceTree = "<group>";
		};
		B0D1CBD32BDBCBF10022F143 /* Delegate */ = {
			isa = PBXGroup;
			children = (
				B0D1CBC02BDBCB1D0022F143 /* SceneDelegate.swift */,
				B0D1CBBE2BDBCB1D0022F143 /* AppDelegate.swift */,
			);
			path = Delegate;
			sourceTree = "<group>";
		};
		B0D1CBD42BDBCC040022F143 /* Controllers */ = {
			isa = PBXGroup;
			children = (
				B0D1CBD52BDBCC490022F143 /* LoginViewController.swift */,
				B0D1CBD72BDBCC5B0022F143 /* ForgotPasswordViewController.swift */,
				B0D1CBD92BDBCC760022F143 /* HomeViewController.swift */,
				B0D1CBDB2BDBCC9F0022F143 /* RegisterViewController.swift */,
				B0D1CBE42BDBEA720022F143 /* WebViewController.swift */,
			);
			path = Controllers;
			sourceTree = "<group>";
		};
		B0D1CBDD2BDBCD7F0022F143 /* Views */ = {
			isa = PBXGroup;
			children = (
				B0D1CBDE2BDBCD9B0022F143 /* AuthHeaderView.swift */,
				B0D1CBE02BDBD8340022F143 /* CustomTextField.swift */,
				B0D1CBE22BDBDE210022F143 /* CustomButton.swift */,
			);
			path = Views;
			sourceTree = "<group>";
		};
		B0D1CBE82BDC3B540022F143 /* Managers */ = {
			isa = PBXGroup;
			children = (
				B0D1CBE62BDC14A70022F143 /* AlertManager.swift */,
			);
			path = Managers;
			sourceTree = "<group>";
		};
/* End PBXGroup section */

/* Begin PBXNativeTarget section */
		B0D1CBBA2BDBCB1D0022F143 /* swift-login-system */ = {
			isa = PBXNativeTarget;
			buildConfigurationList = B0D1CBCF2BDBCB1F0022F143 /* Build configuration list for PBXNativeTarget "swift-login-system" */;
			buildPhases = (
				B0D1CBB72BDBCB1D0022F143 /* Sources */,
				B0D1CBB82BDBCB1D0022F143 /* Frameworks */,
				B0D1CBB92BDBCB1D0022F143 /* Resources */,
			);
			buildRules = (
			);
			dependencies = (
			);
			name = "swift-login-system";
			productName = "swift-login-system";
			productReference = B0D1CBBB2BDBCB1D0022F143 /* swift-login-system.app */;
			productType = "com.apple.product-type.application";
		};
/* End PBXNativeTarget section */

/* Begin PBXProject section */
		B0D1CBB32BDBCB1D0022F143 /* Project object */ = {
			isa = PBXProject;
			attributes = {
				BuildIndependentTargetsInParallel = 1;
				LastSwiftUpdateCheck = 1530;
				LastUpgradeCheck = 1530;
				TargetAttributes = {
					B0D1CBBA2BDBCB1D0022F143 = {
						CreatedOnToolsVersion = 15.3;
					};
				};
			};
			buildConfigurationList = B0D1CBB62BDBCB1D0022F143 /* Build configuration list for PBXProject "swift-login-system" */;
			compatibilityVersion = "Xcode 14.0";
			developmentRegion = en;
			hasScannedForEncodings = 0;
			knownRegions = (
				en,
				Base,
			);
			mainGroup = B0D1CBB22BDBCB1D0022F143;
			productRefGroup = B0D1CBBC2BDBCB1D0022F143 /* Products */;
			projectDirPath = "";
			projectRoot = "";
			targets = (
				B0D1CBBA2BDBCB1D0022F143 /* swift-login-system */,
			);
		};
/* End PBXProject section */

/* Begin PBXResourcesBuildPhase section */
		B0D1CBB92BDBCB1D0022F143 /* Resources */ = {
			isa = PBXResourcesBuildPhase;
			buildActionMask = 2147483647;
			files = (
				B0D1CBC82BDBCB1F0022F143 /* Assets.xcassets in Resources */,
				B0D1CBCB2BDBCB1F0022F143 /* Base in Resources */,
			);
			runOnlyForDeploymentPostprocessing = 0;
		};
/* End PBXResourcesBuildPhase section */

/* Begin PBXSourcesBuildPhase section */
		B0D1CBB72BDBCB1D0022F143 /* Sources */ = {
			isa = PBXSourcesBuildPhase;
			buildActionMask = 2147483647;
			files = (
				B0D1CBD62BDBCC490022F143 /* LoginViewController.swift in Sources */,
				B0D1CBE72BDC14A70022F143 /* AlertManager.swift in Sources */,
				B0D1CBD82BDBCC5B0022F143 /* ForgotPasswordViewController.swift in Sources */,
				B0D1CBE32BDBDE210022F143 /* CustomButton.swift in Sources */,
				B0D1CBE52BDBEA720022F143 /* WebViewController.swift in Sources */,
				B0D1CBBF2BDBCB1D0022F143 /* AppDelegate.swift in Sources */,
				B0D1CBDC2BDBCC9F0022F143 /* RegisterViewController.swift in Sources */,
				B0D1CBE12BDBD8340022F143 /* CustomTextField.swift in Sources */,
				B0D1CBC12BDBCB1D0022F143 /* SceneDelegate.swift in Sources */,
				B0D1CBDA2BDBCC760022F143 /* HomeViewController.swift in Sources */,
				B0D1CBDF2BDBCD9B0022F143 /* AuthHeaderView.swift in Sources */,
			);
			runOnlyForDeploymentPostprocessing = 0;
		};
/* End PBXSourcesBuildPhase section */

/* Begin PBXVariantGroup section */
		B0D1CBC92BDBCB1F0022F143 /* LaunchScreen.storyboard */ = {
			isa = PBXVariantGroup;
			children = (
				B0D1CBCA2BDBCB1F0022F143 /* Base */,
			);
			name = LaunchScreen.storyboard;
			sourceTree = "<group>";
		};
/* End PBXVariantGroup section */

/* Begin XCBuildConfiguration section */
		B0D1CBCD2BDBCB1F0022F143 /* Debug */ = {
			isa = XCBuildConfiguration;
			buildSettings = {
				ALWAYS_SEARCH_USER_PATHS = NO;
				ASSETCATALOG_COMPILER_GENERATE_SWIFT_ASSET_SYMBOL_EXTENSIONS = YES;
				CLANG_ANALYZER_NONNULL = YES;
				CLANG_ANALYZER_NUMBER_OBJECT_CONVERSION = YES_AGGRESSIVE;
				CLANG_CXX_LANGUAGE_STANDARD = "gnu++20";
				CLANG_ENABLE_MODULES = YES;
				CLANG_ENABLE_OBJC_ARC = YES;
				CLANG_ENABLE_OBJC_WEAK = YES;
				CLANG_WARN_BLOCK_CAPTURE_AUTORELEASING = YES;
				CLANG_WARN_BOOL_CONVERSION = YES;
				CLANG_WARN_COMMA = YES;
				CLANG_WARN_CONSTANT_CONVERSION = YES;
				CLANG_WARN_DEPRECATED_OBJC_IMPLEMENTATIONS = YES;
				CLANG_WARN_DIRECT_OBJC_ISA_USAGE = YES_ERROR;
				CLANG_WARN_DOCUMENTATION_COMMENTS = YES;
				CLANG_WARN_EMPTY_BODY = YES;
				CLANG_WARN_ENUM_CONVERSION = YES;
				CLANG_WARN_INFINITE_RECURSION = YES;
				CLANG_WARN_INT_CONVERSION = YES;
				CLANG_WARN_NON_LITERAL_NULL_CONVERSION = YES;
				CLANG_WARN_OBJC_IMPLICIT_RETAIN_SELF = YES;
				CLANG_WARN_OBJC_LITERAL_CONVERSION = YES;
				CLANG_WARN_OBJC_ROOT_CLASS = YES_ERROR;
				CLANG_WARN_QUOTED_INCLUDE_IN_FRAMEWORK_HEADER = YES;
				CLANG_WARN_RANGE_LOOP_ANALYSIS = YES;
				CLANG_WARN_STRICT_PROTOTYPES = YES;
				CLANG_WARN_SUSPICIOUS_MOVE = YES;
				CLANG_WARN_UNGUARDED_AVAILABILITY = YES_AGGRESSIVE;
				CLANG_WARN_UNREACHABLE_CODE = YES;
				CLANG_WARN__DUPLICATE_METHOD_MATCH = YES;
				COPY_PHASE_STRIP = NO;
				DEBUG_INFORMATION_FORMAT = dwarf;
				ENABLE_STRICT_OBJC_MSGSEND = YES;
				ENABLE_TESTABILITY = YES;
				ENABLE_USER_SCRIPT_SANDBOXING = YES;
				GCC_C_LANGUAGE_STANDARD = gnu17;
				GCC_DYNAMIC_NO_PIC = NO;
				GCC_NO_COMMON_BLOCKS = YES;
				GCC_OPTIMIZATION_LEVEL = 0;
				GCC_PREPROCESSOR_DEFINITIONS = (
					"DEBUG=1",
					"$(inherited)",
				);
				GCC_WARN_64_TO_32_BIT_CONVERSION = YES;
				GCC_WARN_ABOUT_RETURN_TYPE = YES_ERROR;
				GCC_WARN_UNDECLARED_SELECTOR = YES;
				GCC_WARN_UNINITIALIZED_AUTOS = YES_AGGRESSIVE;
				GCC_WARN_UNUSED_FUNCTION = YES;
				GCC_WARN_UNUSED_VARIABLE = YES;
				IPHONEOS_DEPLOYMENT_TARGET = 17.4;
				LOCALIZATION_PREFERS_STRING_CATALOGS = YES;
				MTL_ENABLE_DEBUG_INFO = INCLUDE_SOURCE;
				MTL_FAST_MATH = YES;
				ONLY_ACTIVE_ARCH = YES;
				SDKROOT = iphoneos;
				SWIFT_ACTIVE_COMPILATION_CONDITIONS = "DEBUG $(inherited)";
				SWIFT_OPTIMIZATION_LEVEL = "-Onone";
			};
			name = Debug;
		};
		B0D1CBCE2BDBCB1F0022F143 /* Release */ = {
			isa = XCBuildConfiguration;
			buildSettings = {
				ALWAYS_SEARCH_USER_PATHS = NO;
				ASSETCATALOG_COMPILER_GENERATE_SWIFT_ASSET_SYMBOL_EXTENSIONS = YES;
				CLANG_ANALYZER_NONNULL = YES;
				CLANG_ANALYZER_NUMBER_OBJECT_CONVERSION = YES_AGGRESSIVE;
				CLANG_CXX_LANGUAGE_STANDARD = "gnu++20";
				CLANG_ENABLE_MODULES = YES;
				CLANG_ENABLE_OBJC_ARC = YES;
				CLANG_ENABLE_OBJC_WEAK = YES;
				CLANG_WARN_BLOCK_CAPTURE_AUTORELEASING = YES;
				CLANG_WARN_BOOL_CONVERSION = YES;
				CLANG_WARN_COMMA = YES;
				CLANG_WARN_CONSTANT_CONVERSION = YES;
				CLANG_WARN_DEPRECATED_OBJC_IMPLEMENTATIONS = YES;
				CLANG_WARN_DIRECT_OBJC_ISA_USAGE = YES_ERROR;
				CLANG_WARN_DOCUMENTATION_COMMENTS = YES;
				CLANG_WARN_EMPTY_BODY = YES;
				CLANG_WARN_ENUM_CONVERSION = YES;
				CLANG_WARN_INFINITE_RECURSION = YES;
				CLANG_WARN_INT_CONVERSION = YES;
				CLANG_WARN_NON_LITERAL_NULL_CONVERSION = YES;
				CLANG_WARN_OBJC_IMPLICIT_RETAIN_SELF = YES;
				CLANG_WARN_OBJC_LITERAL_CONVERSION = YES;
				CLANG_WARN_OBJC_ROOT_CLASS = YES_ERROR;
				CLANG_WARN_QUOTED_INCLUDE_IN_FRAMEWORK_HEADER = YES;
				CLANG_WARN_RANGE_LOOP_ANALYSIS = YES;
				CLANG_WARN_STRICT_PROTOTYPES = YES;
				CLANG_WARN_SUSPICIOUS_MOVE = YES;
				CLANG_WARN_UNGUARDED_AVAILABILITY = YES_AGGRESSIVE;
				CLANG_WARN_UNREACHABLE_CODE = YES;
				CLANG_WARN__DUPLICATE_METHOD_MATCH = YES;
				COPY_PHASE_STRIP = NO;
				DEBUG_INFORMATION_FORMAT = "dwarf-with-dsym";
				ENABLE_NS_ASSERTIONS = NO;
				ENABLE_STRICT_OBJC_MSGSEND = YES;
				ENABLE_USER_SCRIPT_SANDBOXING = YES;
				GCC_C_LANGUAGE_STANDARD = gnu17;
				GCC_NO_COMMON_BLOCKS = YES;
				GCC_WARN_64_TO_32_BIT_CONVERSION = YES;
				GCC_WARN_ABOUT_RETURN_TYPE = YES_ERROR;
				GCC_WARN_UNDECLARED_SELECTOR = YES;
				GCC_WARN_UNINITIALIZED_AUTOS = YES_AGGRESSIVE;
				GCC_WARN_UNUSED_FUNCTION = YES;
				GCC_WARN_UNUSED_VARIABLE = YES;
				IPHONEOS_DEPLOYMENT_TARGET = 17.4;
				LOCALIZATION_PREFERS_STRING_CATALOGS = YES;
				MTL_ENABLE_DEBUG_INFO = NO;
				MTL_FAST_MATH = YES;
				SDKROOT = iphoneos;
				SWIFT_COMPILATION_MODE = wholemodule;
				VALIDATE_PRODUCT = YES;
			};
			name = Release;
		};
		B0D1CBD02BDBCB1F0022F143 /* Debug */ = {
			isa = XCBuildConfiguration;
			buildSettings = {
				ASSETCATALOG_COMPILER_APPICON_NAME = AppIcon;
				ASSETCATALOG_COMPILER_GLOBAL_ACCENT_COLOR_NAME = AccentColor;
				CODE_SIGN_STYLE = Automatic;
				CURRENT_PROJECT_VERSION = 1;
				DEVELOPMENT_TEAM = B9ZPR786BL;
				GENERATE_INFOPLIST_FILE = YES;
				INFOPLIST_FILE = "swift-login-system/Info.plist";
				INFOPLIST_KEY_UIApplicationSupportsIndirectInputEvents = YES;
				INFOPLIST_KEY_UILaunchStoryboardName = LaunchScreen;
				INFOPLIST_KEY_UISupportedInterfaceOrientations_iPad = "UIInterfaceOrientationPortrait UIInterfaceOrientationPortraitUpsideDown UIInterfaceOrientationLandscapeLeft UIInterfaceOrientationLandscapeRight";
				INFOPLIST_KEY_UISupportedInterfaceOrientations_iPhone = "UIInterfaceOrientationPortrait UIInterfaceOrientationLandscapeLeft UIInterfaceOrientationLandscapeRight";
				LD_RUNPATH_SEARCH_PATHS = (
					"$(inherited)",
					"@executable_path/Frameworks",
				);
				MARKETING_VERSION = 1.0;
				PRODUCT_BUNDLE_IDENTIFIER = "erenoske.com.swift-login-system";
				PRODUCT_NAME = "$(TARGET_NAME)";
				SWIFT_EMIT_LOC_STRINGS = YES;
				SWIFT_VERSION = 5.0;
				TARGETED_DEVICE_FAMILY = "1,2";
			};
			name = Debug;
		};
		B0D1CBD12BDBCB1F0022F143 /* Release */ = {
			isa = XCBuildConfiguration;
			buildSettings = {
				ASSETCATALOG_COMPILER_APPICON_NAME = AppIcon;
				ASSETCATALOG_COMPILER_GLOBAL_ACCENT_COLOR_NAME = AccentColor;
				CODE_SIGN_STYLE = Automatic;
				CURRENT_PROJECT_VERSION = 1;
				DEVELOPMENT_TEAM = B9ZPR786BL;
				GENERATE_INFOPLIST_FILE = YES;
				INFOPLIST_FILE = "swift-login-system/Info.plist";
				INFOPLIST_KEY_UIApplicationSupportsIndirectInputEvents = YES;
				INFOPLIST_KEY_UILaunchStoryboardName = LaunchScreen;
				INFOPLIST_KEY_UISupportedInterfaceOrientations_iPad = "UIInterfaceOrientationPortrait UIInterfaceOrientationPortraitUpsideDown UIInterfaceOrientationLandscapeLeft UIInterfaceOrientationLandscapeRight";
				INFOPLIST_KEY_UISupportedInterfaceOrientations_iPhone = "UIInterfaceOrientationPortrait UIInterfaceOrientationLandscapeLeft UIInterfaceOrientationLandscapeRight";
				LD_RUNPATH_SEARCH_PATHS = (
					"$(inherited)",
					"@executable_path/Frameworks",
				);
				MARKETING_VERSION = 1.0;
				PRODUCT_BUNDLE_IDENTIFIER = "erenoske.com.swift-login-system";
				PRODUCT_NAME = "$(TARGET_NAME)";
				SWIFT_EMIT_LOC_STRINGS = YES;
				SWIFT_VERSION = 5.0;
				TARGETED_DEVICE_FAMILY = "1,2";
			};
			name = Release;
		};
/* End XCBuildConfiguration section */

/* Begin XCConfigurationList section */
		B0D1CBB62BDBCB1D0022F143 /* Build configuration list for PBXProject "swift-login-system" */ = {
			isa = XCConfigurationList;
			buildConfigurations = (
				B0D1CBCD2BDBCB1F0022F143 /* Debug */,
				B0D1CBCE2BDBCB1F0022F143 /* Release */,
			);
			defaultConfigurationIsVisible = 0;
			defaultConfigurationName = Release;
		};
		B0D1CBCF2BDBCB1F0022F143 /* Build configuration list for PBXNativeTarget "swift-login-system" */ = {
			isa = XCConfigurationList;
			buildConfigurations = (
				B0D1CBD02BDBCB1F0022F143 /* Debug */,
				B0D1CBD12BDBCB1F0022F143 /* Release */,
			);
			defaultConfigurationIsVisible = 0;
			defaultConfigurationName = Release;
		};
/* End XCConfigurationList section */
	};
	rootObject = B0D1CBB32BDBCB1D0022F143 /* Project object */;
}
