// !$*UTF8*$!
{
	archiveVersion = 1;
	classes = {
	};
	objectVersion = 56;
	objects = {

/* Begin PBXBuildFile section */
		B02732B42C31B5800053C7BC /* GoogleGenerativeAI in Frameworks */ = {isa = PBXBuildFile; productRef = B02732B32C31B5800053C7BC /* GoogleGenerativeAI */; };
		B02732B62C31B6020053C7BC /* GenerativeAI-Info.plist in Resources */ = {isa = PBXBuildFile; fileRef = B02732B52C31B6020053C7BC /* GenerativeAI-Info.plist */; };
		B02732B82C31B63E0053C7BC /* APIKey.swift in Sources */ = {isa = PBXBuildFile; fileRef = B02732B72C31B63E0053C7BC /* APIKey.swift */; };
		B02732BD2C32F8B00053C7BC /* ChatViewModel.swift in Sources */ = {isa = PBXBuildFile; fileRef = B02732BC2C32F8B00053C7BC /* ChatViewModel.swift */; };
		B02732BF2C32F9DB0053C7BC /* ChatModel.swift in Sources */ = {isa = PBXBuildFile; fileRef = B02732BE2C32F9DB0053C7BC /* ChatModel.swift */; };
		B02732C22C332DE50053C7BC /* SwiftyMarkdown in Frameworks */ = {isa = PBXBuildFile; productRef = B02732C12C332DE50053C7BC /* SwiftyMarkdown */; };
		B02732C82C3395860053C7BC /* UserChatTableViewCell.swift in Sources */ = {isa = PBXBuildFile; fileRef = B02732C72C3395860053C7BC /* UserChatTableViewCell.swift */; };
		B02732D82C38AFA40053C7BC /* SideMenu in Frameworks */ = {isa = PBXBuildFile; productRef = B02732D72C38AFA40053C7BC /* SideMenu */; };
		B02732DC2C38B52A0053C7BC /* MenuViewController.swift in Sources */ = {isa = PBXBuildFile; fileRef = B02732DB2C38B52A0053C7BC /* MenuViewController.swift */; };
		B05FAA562C40C664001BA009 /* ModelChatTableViewCell.swift in Sources */ = {isa = PBXBuildFile; fileRef = B05FAA552C40C664001BA009 /* ModelChatTableViewCell.swift */; };
		B083BEAA2C430DD700D0A59E /* HapticsManager.swift in Sources */ = {isa = PBXBuildFile; fileRef = B083BEA92C430DD700D0A59E /* HapticsManager.swift */; };
		B083BEAD2C471A0800D0A59E /* GoogleSignIn in Frameworks */ = {isa = PBXBuildFile; productRef = B083BEAC2C471A0800D0A59E /* GoogleSignIn */; };
		B083BEAF2C471A0800D0A59E /* GoogleSignInSwift in Frameworks */ = {isa = PBXBuildFile; productRef = B083BEAE2C471A0800D0A59E /* GoogleSignInSwift */; };
		B083BEB12C471B5C00D0A59E /* GoogleService-Info.plist in Resources */ = {isa = PBXBuildFile; fileRef = B083BEB02C471B5C00D0A59E /* GoogleService-Info.plist */; };
		B083BEB42C4731C600D0A59E /* SDWebImage in Frameworks */ = {isa = PBXBuildFile; productRef = B083BEB32C4731C600D0A59E /* SDWebImage */; };
		B083BEB62C4731C600D0A59E /* SDWebImageMapKit in Frameworks */ = {isa = PBXBuildFile; productRef = B083BEB52C4731C600D0A59E /* SDWebImageMapKit */; };
		B083BEB92C4B4DAB00D0A59E /* UIView-Shimmer in Frameworks */ = {isa = PBXBuildFile; productRef = B083BEB82C4B4DAB00D0A59E /* UIView-Shimmer */; };
		B09F85C52C3C890100F129EB /* ChatService.swift in Sources */ = {isa = PBXBuildFile; fileRef = B09F85C42C3C890100F129EB /* ChatService.swift */; };
		B09F85C72C3D744800F129EB /* ChatMessageRequest.swift in Sources */ = {isa = PBXBuildFile; fileRef = B09F85C62C3D744700F129EB /* ChatMessageRequest.swift */; };
		B09F85CB2C3D9A6F00F129EB /* ChatMessage.swift in Sources */ = {isa = PBXBuildFile; fileRef = B09F85CA2C3D9A6F00F129EB /* ChatMessage.swift */; };
		B09F85CD2C3DB2DE00F129EB /* ChatTitle.swift in Sources */ = {isa = PBXBuildFile; fileRef = B09F85CC2C3DB2DE00F129EB /* ChatTitle.swift */; };
		B09F85CF2C3DFA4700F129EB /* TextDisplayViewController.swift in Sources */ = {isa = PBXBuildFile; fileRef = B09F85CE2C3DFA4700F129EB /* TextDisplayViewController.swift */; };
		B0D1CBBF2BDBCB1D0022F143 /* AppDelegate.swift in Sources */ = {isa = PBXBuildFile; fileRef = B0D1CBBE2BDBCB1D0022F143 /* AppDelegate.swift */; };
		B0D1CBC12BDBCB1D0022F143 /* SceneDelegate.swift in Sources */ = {isa = PBXBuildFile; fileRef = B0D1CBC02BDBCB1D0022F143 /* SceneDelegate.swift */; };
		B0D1CBC82BDBCB1F0022F143 /* Assets.xcassets in Resources */ = {isa = PBXBuildFile; fileRef = B0D1CBC72BDBCB1F0022F143 /* Assets.xcassets */; };
		B0D1CBCB2BDBCB1F0022F143 /* Base in Resources */ = {isa = PBXBuildFile; fileRef = B0D1CBCA2BDBCB1F0022F143 /* Base */; };
		B0D1CBD62BDBCC490022F143 /* LoginViewController.swift in Sources */ = {isa = PBXBuildFile; fileRef = B0D1CBD52BDBCC490022F143 /* LoginViewController.swift */; };
		B0D1CBD82BDBCC5B0022F143 /* ForgotPasswordViewController.swift in Sources */ = {isa = PBXBuildFile; fileRef = B0D1CBD72BDBCC5B0022F143 /* ForgotPasswordViewController.swift */; };
		B0D1CBDA2BDBCC760022F143 /* HomeViewController.swift in Sources */ = {isa = PBXBuildFile; fileRef = B0D1CBD92BDBCC760022F143 /* HomeViewController.swift */; };
		B0D1CBDC2BDBCC9F0022F143 /* RegisterViewController.swift in Sources */ = {isa = PBXBuildFile; fileRef = B0D1CBDB2BDBCC9F0022F143 /* RegisterViewController.swift */; };
		B0D1CBDF2BDBCD9B0022F143 /* AuthHeaderView.swift in Sources */ = {isa = PBXBuildFile; fileRef = B0D1CBDE2BDBCD9B0022F143 /* AuthHeaderView.swift */; };
		B0D1CBE12BDBD8340022F143 /* CustomTextField.swift in Sources */ = {isa = PBXBuildFile; fileRef = B0D1CBE02BDBD8340022F143 /* CustomTextField.swift */; };
		B0D1CBE32BDBDE210022F143 /* CustomButton.swift in Sources */ = {isa = PBXBuildFile; fileRef = B0D1CBE22BDBDE210022F143 /* CustomButton.swift */; };
		B0D1CBE52BDBEA720022F143 /* WebViewController.swift in Sources */ = {isa = PBXBuildFile; fileRef = B0D1CBE42BDBEA720022F143 /* WebViewController.swift */; };
		B0D1CBE72BDC14A70022F143 /* AlertManager.swift in Sources */ = {isa = PBXBuildFile; fileRef = B0D1CBE62BDC14A70022F143 /* AlertManager.swift */; };
		B0D1CBED2BDC3DC00022F143 /* FirebaseAuth in Frameworks */ = {isa = PBXBuildFile; productRef = B0D1CBEC2BDC3DC00022F143 /* FirebaseAuth */; };
		B0D1CBEF2BDC3DC00022F143 /* FirebaseFirestore in Frameworks */ = {isa = PBXBuildFile; productRef = B0D1CBEE2BDC3DC00022F143 /* FirebaseFirestore */; };
		B0D1CBF12BDC3DC00022F143 /* FirebaseStorage in Frameworks */ = {isa = PBXBuildFile; productRef = B0D1CBF02BDC3DC00022F143 /* FirebaseStorage */; };
		B0D1CBF32BDC3F170022F143 /* AuthService.swift in Sources */ = {isa = PBXBuildFile; fileRef = B0D1CBF22BDC3F170022F143 /* AuthService.swift */; };
		B0D1CBF62BDC3FC30022F143 /* RegisterUserRequest.swift in Sources */ = {isa = PBXBuildFile; fileRef = B0D1CBF52BDC3FC30022F143 /* RegisterUserRequest.swift */; };
		B0D1CBF82BDC44030022F143 /* LoginUserRequest.swift in Sources */ = {isa = PBXBuildFile; fileRef = B0D1CBF72BDC44030022F143 /* LoginUserRequest.swift */; };
		B0D1CBFA2BDD3F3B0022F143 /* Validator.swift in Sources */ = {isa = PBXBuildFile; fileRef = B0D1CBF92BDD3F3B0022F143 /* Validator.swift */; };
		B0D1CBFC2BDD4CEC0022F143 /* Extensions.swift in Sources */ = {isa = PBXBuildFile; fileRef = B0D1CBFB2BDD4CEC0022F143 /* Extensions.swift */; };
		B0D1CBFE2BDD972E0022F143 /* User.swift in Sources */ = {isa = PBXBuildFile; fileRef = B0D1CBFD2BDD972E0022F143 /* User.swift */; };
		B0D1CC002BE569160022F143 /* EmailLinkRequest.swift in Sources */ = {isa = PBXBuildFile; fileRef = B0D1CBFF2BE569160022F143 /* EmailLinkRequest.swift */; };
/* End PBXBuildFile section */

/* Begin PBXFileReference section */
		B02732B52C31B6020053C7BC /* GenerativeAI-Info.plist */ = {isa = PBXFileReference; fileEncoding = 4; lastKnownFileType = text.plist.xml; path = "GenerativeAI-Info.plist"; sourceTree = "<group>"; };
		B02732B72C31B63E0053C7BC /* APIKey.swift */ = {isa = PBXFileReference; lastKnownFileType = sourcecode.swift; path = APIKey.swift; sourceTree = "<group>"; };
		B02732BC2C32F8B00053C7BC /* ChatViewModel.swift */ = {isa = PBXFileReference; lastKnownFileType = sourcecode.swift; path = ChatViewModel.swift; sourceTree = "<group>"; };
		B02732BE2C32F9DB0053C7BC /* ChatModel.swift */ = {isa = PBXFileReference; lastKnownFileType = sourcecode.swift; path = ChatModel.swift; sourceTree = "<group>"; };
		B02732C72C3395860053C7BC /* UserChatTableViewCell.swift */ = {isa = PBXFileReference; lastKnownFileType = sourcecode.swift; path = UserChatTableViewCell.swift; sourceTree = "<group>"; };
		B02732DB2C38B52A0053C7BC /* MenuViewController.swift */ = {isa = PBXFileReference; lastKnownFileType = sourcecode.swift; path = MenuViewController.swift; sourceTree = "<group>"; };
		B05FAA552C40C664001BA009 /* ModelChatTableViewCell.swift */ = {isa = PBXFileReference; lastKnownFileType = sourcecode.swift; path = ModelChatTableViewCell.swift; sourceTree = "<group>"; };
		B083BEA92C430DD700D0A59E /* HapticsManager.swift */ = {isa = PBXFileReference; lastKnownFileType = sourcecode.swift; path = HapticsManager.swift; sourceTree = "<group>"; };
		B083BEB02C471B5C00D0A59E /* GoogleService-Info.plist */ = {isa = PBXFileReference; fileEncoding = 4; lastKnownFileType = text.plist.xml; path = "GoogleService-Info.plist"; sourceTree = "<group>"; };
		B09F85C42C3C890100F129EB /* ChatService.swift */ = {isa = PBXFileReference; lastKnownFileType = sourcecode.swift; path = ChatService.swift; sourceTree = "<group>"; };
		B09F85C62C3D744700F129EB /* ChatMessageRequest.swift */ = {isa = PBXFileReference; lastKnownFileType = sourcecode.swift; path = ChatMessageRequest.swift; sourceTree = "<group>"; };
		B09F85CA2C3D9A6F00F129EB /* ChatMessage.swift */ = {isa = PBXFileReference; lastKnownFileType = sourcecode.swift; path = ChatMessage.swift; sourceTree = "<group>"; };
		B09F85CC2C3DB2DE00F129EB /* ChatTitle.swift */ = {isa = PBXFileReference; lastKnownFileType = sourcecode.swift; path = ChatTitle.swift; sourceTree = "<group>"; };
		B09F85CE2C3DFA4700F129EB /* TextDisplayViewController.swift */ = {isa = PBXFileReference; lastKnownFileType = sourcecode.swift; path = TextDisplayViewController.swift; sourceTree = "<group>"; };
		B0D1CBBB2BDBCB1D0022F143 /* gemini-ai-chat.app */ = {isa = PBXFileReference; explicitFileType = wrapper.application; includeInIndex = 0; path = "gemini-ai-chat.app"; sourceTree = BUILT_PRODUCTS_DIR; };
		B0D1CBBE2BDBCB1D0022F143 /* AppDelegate.swift */ = {isa = PBXFileReference; lastKnownFileType = sourcecode.swift; path = AppDelegate.swift; sourceTree = "<group>"; };
		B0D1CBC02BDBCB1D0022F143 /* SceneDelegate.swift */ = {isa = PBXFileReference; lastKnownFileType = sourcecode.swift; path = SceneDelegate.swift; sourceTree = "<group>"; };
		B0D1CBC72BDBCB1F0022F143 /* Assets.xcassets */ = {isa = PBXFileReference; lastKnownFileType = folder.assetcatalog; path = Assets.xcassets; sourceTree = "<group>"; };
		B0D1CBCA2BDBCB1F0022F143 /* Base */ = {isa = PBXFileReference; lastKnownFileType = file.storyboard; name = Base; path = Base.lproj/LaunchScreen.storyboard; sourceTree = "<group>"; };
		B0D1CBCC2BDBCB1F0022F143 /* Info.plist */ = {isa = PBXFileReference; lastKnownFileType = text.plist.xml; path = Info.plist; sourceTree = "<group>"; };
		B0D1CBD52BDBCC490022F143 /* LoginViewController.swift */ = {isa = PBXFileReference; lastKnownFileType = sourcecode.swift; path = LoginViewController.swift; sourceTree = "<group>"; };
		B0D1CBD72BDBCC5B0022F143 /* ForgotPasswordViewController.swift */ = {isa = PBXFileReference; lastKnownFileType = sourcecode.swift; path = ForgotPasswordViewController.swift; sourceTree = "<group>"; };
		B0D1CBD92BDBCC760022F143 /* HomeViewController.swift */ = {isa = PBXFileReference; lastKnownFileType = sourcecode.swift; path = HomeViewController.swift; sourceTree = "<group>"; };
		B0D1CBDB2BDBCC9F0022F143 /* RegisterViewController.swift */ = {isa = PBXFileReference; lastKnownFileType = sourcecode.swift; path = RegisterViewController.swift; sourceTree = "<group>"; };
		B0D1CBDE2BDBCD9B0022F143 /* AuthHeaderView.swift */ = {isa = PBXFileReference; lastKnownFileType = sourcecode.swift; path = AuthHeaderView.swift; sourceTree = "<group>"; };
		B0D1CBE02BDBD8340022F143 /* CustomTextField.swift */ = {isa = PBXFileReference; lastKnownFileType = sourcecode.swift; path = CustomTextField.swift; sourceTree = "<group>"; };
		B0D1CBE22BDBDE210022F143 /* CustomButton.swift */ = {isa = PBXFileReference; lastKnownFileType = sourcecode.swift; path = CustomButton.swift; sourceTree = "<group>"; };
		B0D1CBE42BDBEA720022F143 /* WebViewController.swift */ = {isa = PBXFileReference; lastKnownFileType = sourcecode.swift; path = WebViewController.swift; sourceTree = "<group>"; };
		B0D1CBE62BDC14A70022F143 /* AlertManager.swift */ = {isa = PBXFileReference; lastKnownFileType = sourcecode.swift; path = AlertManager.swift; sourceTree = "<group>"; };
		B0D1CBF22BDC3F170022F143 /* AuthService.swift */ = {isa = PBXFileReference; lastKnownFileType = sourcecode.swift; path = AuthService.swift; sourceTree = "<group>"; };
		B0D1CBF52BDC3FC30022F143 /* RegisterUserRequest.swift */ = {isa = PBXFileReference; lastKnownFileType = sourcecode.swift; path = RegisterUserRequest.swift; sourceTree = "<group>"; };
		B0D1CBF72BDC44030022F143 /* LoginUserRequest.swift */ = {isa = PBXFileReference; lastKnownFileType = sourcecode.swift; path = LoginUserRequest.swift; sourceTree = "<group>"; };
		B0D1CBF92BDD3F3B0022F143 /* Validator.swift */ = {isa = PBXFileReference; lastKnownFileType = sourcecode.swift; path = Validator.swift; sourceTree = "<group>"; };
		B0D1CBFB2BDD4CEC0022F143 /* Extensions.swift */ = {isa = PBXFileReference; lastKnownFileType = sourcecode.swift; path = Extensions.swift; sourceTree = "<group>"; };
		B0D1CBFD2BDD972E0022F143 /* User.swift */ = {isa = PBXFileReference; lastKnownFileType = sourcecode.swift; path = User.swift; sourceTree = "<group>"; };
		B0D1CBFF2BE569160022F143 /* EmailLinkRequest.swift */ = {isa = PBXFileReference; lastKnownFileType = sourcecode.swift; path = EmailLinkRequest.swift; sourceTree = "<group>"; };
/* End PBXFileReference section */

/* Begin PBXFrameworksBuildPhase section */
		B0D1CBB82BDBCB1D0022F143 /* Frameworks */ = {
			isa = PBXFrameworksBuildPhase;
			buildActionMask = 2147483647;
			files = (
				B0D1CBED2BDC3DC00022F143 /* FirebaseAuth in Frameworks */,
				B0D1CBEF2BDC3DC00022F143 /* FirebaseFirestore in Frameworks */,
				B0D1CBF12BDC3DC00022F143 /* FirebaseStorage in Frameworks */,
				B083BEAF2C471A0800D0A59E /* GoogleSignInSwift in Frameworks */,
				B02732B42C31B5800053C7BC /* GoogleGenerativeAI in Frameworks */,
				B02732D82C38AFA40053C7BC /* SideMenu in Frameworks */,
				B083BEB62C4731C600D0A59E /* SDWebImageMapKit in Frameworks */,
				B083BEB42C4731C600D0A59E /* SDWebImage in Frameworks */,
				B02732C22C332DE50053C7BC /* SwiftyMarkdown in Frameworks */,
				B083BEAD2C471A0800D0A59E /* GoogleSignIn in Frameworks */,
				B083BEB92C4B4DAB00D0A59E /* UIView-Shimmer in Frameworks */,
			);
			runOnlyForDeploymentPostprocessing = 0;
		};
/* End PBXFrameworksBuildPhase section */

/* Begin PBXGroup section */
		B02732BB2C32F88D0053C7BC /* ViewModels */ = {
			isa = PBXGroup;
			children = (
				B02732BC2C32F8B00053C7BC /* ChatViewModel.swift */,
			);
			path = ViewModels;
			sourceTree = "<group>";
		};
		B02732C92C35C7480053C7BC /* View */ = {
			isa = PBXGroup;
			children = (
				B02732CC2C35C77B0053C7BC /* Controllers */,
				B02732CB2C35C7690053C7BC /* Views */,
				B02732CA2C35C7520053C7BC /* Cells */,
			);
			path = View;
			sourceTree = "<group>";
		};
		B02732CA2C35C7520053C7BC /* Cells */ = {
			isa = PBXGroup;
			children = (
				B02732C72C3395860053C7BC /* UserChatTableViewCell.swift */,
				B05FAA552C40C664001BA009 /* ModelChatTableViewCell.swift */,
			);
			path = Cells;
			sourceTree = "<group>";
		};
		B02732CB2C35C7690053C7BC /* Views */ = {
			isa = PBXGroup;
			children = (
				B0D1CBE22BDBDE210022F143 /* CustomButton.swift */,
				B0D1CBDE2BDBCD9B0022F143 /* AuthHeaderView.swift */,
				B0D1CBE02BDBD8340022F143 /* CustomTextField.swift */,
			);
			path = Views;
			sourceTree = "<group>";
		};
		B02732CC2C35C77B0053C7BC /* Controllers */ = {
			isa = PBXGroup;
			children = (
				B0D1CBD52BDBCC490022F143 /* LoginViewController.swift */,
				B0D1CBD72BDBCC5B0022F143 /* ForgotPasswordViewController.swift */,
				B0D1CBD92BDBCC760022F143 /* HomeViewController.swift */,
				B0D1CBDB2BDBCC9F0022F143 /* RegisterViewController.swift */,
				B0D1CBE42BDBEA720022F143 /* WebViewController.swift */,
				B02732DB2C38B52A0053C7BC /* MenuViewController.swift */,
				B09F85CE2C3DFA4700F129EB /* TextDisplayViewController.swift */,
			);
			path = Controllers;
			sourceTree = "<group>";
		};
		B0D1CBB22BDBCB1D0022F143 = {
			isa = PBXGroup;
			children = (
				B0D1CBBD2BDBCB1D0022F143 /* Gemini-AI-Chat */,
				B0D1CBBC2BDBCB1D0022F143 /* Products */,
			);
			sourceTree = "<group>";
		};
		B0D1CBBC2BDBCB1D0022F143 /* Products */ = {
			isa = PBXGroup;
			children = (
				B0D1CBBB2BDBCB1D0022F143 /* gemini-ai-chat.app */,
			);
			name = Products;
			sourceTree = "<group>";
		};
		B0D1CBBD2BDBCB1D0022F143 /* Gemini-AI-Chat */ = {
			isa = PBXGroup;
			children = (
				B02732C92C35C7480053C7BC /* View */,
				B02732BB2C32F88D0053C7BC /* ViewModels */,
				B0D1CBF42BDC3FA20022F143 /* Models */,
				B0D1CBE82BDC3B540022F143 /* Managers */,
				B0D1CBD32BDBCBF10022F143 /* Delegate */,
				B0D1CBD22BDBCBC40022F143 /* Files */,
			);
			path = "Gemini-AI-Chat";
			sourceTree = "<group>";
		};
		B0D1CBD22BDBCBC40022F143 /* Files */ = {
			isa = PBXGroup;
			children = (
				B083BEB02C471B5C00D0A59E /* GoogleService-Info.plist */,
				B02732B52C31B6020053C7BC /* GenerativeAI-Info.plist */,
				B0D1CBCC2BDBCB1F0022F143 /* Info.plist */,
				B0D1CBC92BDBCB1F0022F143 /* LaunchScreen.storyboard */,
				B0D1CBC72BDBCB1F0022F143 /* Assets.xcassets */,
			);
			name = Files;
			sourceTree = "<group>";
		};
		B0D1CBD32BDBCBF10022F143 /* Delegate */ = {
			isa = PBXGroup;
			children = (
				B0D1CBC02BDBCB1D0022F143 /* SceneDelegate.swift */,
				B0D1CBBE2BDBCB1D0022F143 /* AppDelegate.swift */,
			);
			path = Delegate;
			sourceTree = "<group>";
		};
		B0D1CBE82BDC3B540022F143 /* Managers */ = {
			isa = PBXGroup;
			children = (
				B0D1CBE62BDC14A70022F143 /* AlertManager.swift */,
				B0D1CBF22BDC3F170022F143 /* AuthService.swift */,
				B0D1CBF92BDD3F3B0022F143 /* Validator.swift */,
				B0D1CBFB2BDD4CEC0022F143 /* Extensions.swift */,
				B02732B72C31B63E0053C7BC /* APIKey.swift */,
				B09F85C42C3C890100F129EB /* ChatService.swift */,
				B083BEA92C430DD700D0A59E /* HapticsManager.swift */,
			);
			path = Managers;
			sourceTree = "<group>";
		};
		B0D1CBF42BDC3FA20022F143 /* Models */ = {
			isa = PBXGroup;
			children = (
				B0D1CBF52BDC3FC30022F143 /* RegisterUserRequest.swift */,
				B0D1CBF72BDC44030022F143 /* LoginUserRequest.swift */,
				B0D1CBFD2BDD972E0022F143 /* User.swift */,
				B0D1CBFF2BE569160022F143 /* EmailLinkRequest.swift */,
				B02732BE2C32F9DB0053C7BC /* ChatModel.swift */,
				B09F85C62C3D744700F129EB /* ChatMessageRequest.swift */,
				B09F85CA2C3D9A6F00F129EB /* ChatMessage.swift */,
				B09F85CC2C3DB2DE00F129EB /* ChatTitle.swift */,
			);
			path = Models;
			sourceTree = "<group>";
		};
/* End PBXGroup section */

/* Begin PBXNativeTarget section */
		B0D1CBBA2BDBCB1D0022F143 /* swift-login-system */ = {
			isa = PBXNativeTarget;
			buildConfigurationList = B0D1CBCF2BDBCB1F0022F143 /* Build configuration list for PBXNativeTarget "swift-login-system" */;
			buildPhases = (
				B0D1CBB72BDBCB1D0022F143 /* Sources */,
				B0D1CBB82BDBCB1D0022F143 /* Frameworks */,
				B0D1CBB92BDBCB1D0022F143 /* Resources */,
			);
			buildRules = (
			);
			dependencies = (
			);
			name = "swift-login-system";
			packageProductDependencies = (
				B0D1CBEC2BDC3DC00022F143 /* FirebaseAuth */,
				B0D1CBEE2BDC3DC00022F143 /* FirebaseFirestore */,
				B0D1CBF02BDC3DC00022F143 /* FirebaseStorage */,
				B02732B32C31B5800053C7BC /* GoogleGenerativeAI */,
				B02732C12C332DE50053C7BC /* SwiftyMarkdown */,
				B02732D72C38AFA40053C7BC /* SideMenu */,
				B083BEAC2C471A0800D0A59E /* GoogleSignIn */,
				B083BEAE2C471A0800D0A59E /* GoogleSignInSwift */,
				B083BEB32C4731C600D0A59E /* SDWebImage */,
				B083BEB52C4731C600D0A59E /* SDWebImageMapKit */,
				B083BEB82C4B4DAB00D0A59E /* UIView-Shimmer */,
			);
			productName = "swift-login-system";
			productReference = B0D1CBBB2BDBCB1D0022F143 /* gemini-ai-chat.app */;
			productType = "com.apple.product-type.application";
		};
/* End PBXNativeTarget section */

/* Begin PBXProject section */
		B0D1CBB32BDBCB1D0022F143 /* Project object */ = {
			isa = PBXProject;
			attributes = {
				BuildIndependentTargetsInParallel = 1;
				LastSwiftUpdateCheck = 1530;
				LastUpgradeCheck = 1530;
				TargetAttributes = {
					B0D1CBBA2BDBCB1D0022F143 = {
						CreatedOnToolsVersion = 15.3;
					};
				};
			};
			buildConfigurationList = B0D1CBB62BDBCB1D0022F143 /* Build configuration list for PBXProject "Gemini-AI-Chat" */;
			compatibilityVersion = "Xcode 14.0";
			developmentRegion = en;
			hasScannedForEncodings = 0;
			knownRegions = (
				en,
				Base,
			);
			mainGroup = B0D1CBB22BDBCB1D0022F143;
			packageReferences = (
				B0D1CBEB2BDC3DBF0022F143 /* XCRemoteSwiftPackageReference "firebase-ios-sdk" */,
				B02732B22C31B5800053C7BC /* XCRemoteSwiftPackageReference "generative-ai-swift" */,
				B02732C02C332DE50053C7BC /* XCRemoteSwiftPackageReference "SwiftyMarkdown" */,
				B02732D62C38AFA40053C7BC /* XCRemoteSwiftPackageReference "SideMenu" */,
				B083BEAB2C471A0800D0A59E /* XCRemoteSwiftPackageReference "GoogleSignIn-iOS" */,
				B083BEB22C4731C600D0A59E /* XCRemoteSwiftPackageReference "SDWebImage" */,
				B083BEB72C4B4DAB00D0A59E /* XCRemoteSwiftPackageReference "UIView-Shimmer" */,
			);
			productRefGroup = B0D1CBBC2BDBCB1D0022F143 /* Products */;
			projectDirPath = "";
			projectRoot = "";
			targets = (
				B0D1CBBA2BDBCB1D0022F143 /* swift-login-system */,
			);
		};
/* End PBXProject section */

/* Begin PBXResourcesBuildPhase section */
		B0D1CBB92BDBCB1D0022F143 /* Resources */ = {
			isa = PBXResourcesBuildPhase;
			buildActionMask = 2147483647;
			files = (
				B083BEB12C471B5C00D0A59E /* GoogleService-Info.plist in Resources */,
				B0D1CBC82BDBCB1F0022F143 /* Assets.xcassets in Resources */,
				B02732B62C31B6020053C7BC /* GenerativeAI-Info.plist in Resources */,
				B0D1CBCB2BDBCB1F0022F143 /* Base in Resources */,
			);
			runOnlyForDeploymentPostprocessing = 0;
		};
/* End PBXResourcesBuildPhase section */

/* Begin PBXSourcesBuildPhase section */
		B0D1CBB72BDBCB1D0022F143 /* Sources */ = {
			isa = PBXSourcesBuildPhase;
			buildActionMask = 2147483647;
			files = (
				B09F85CF2C3DFA4700F129EB /* TextDisplayViewController.swift in Sources */,
				B0D1CBD62BDBCC490022F143 /* LoginViewController.swift in Sources */,
				B02732B82C31B63E0053C7BC /* APIKey.swift in Sources */,
				B09F85CD2C3DB2DE00F129EB /* ChatTitle.swift in Sources */,
				B0D1CBE72BDC14A70022F143 /* AlertManager.swift in Sources */,
				B05FAA562C40C664001BA009 /* ModelChatTableViewCell.swift in Sources */,
				B0D1CBD82BDBCC5B0022F143 /* ForgotPasswordViewController.swift in Sources */,
				B0D1CBF32BDC3F170022F143 /* AuthService.swift in Sources */,
				B0D1CBF82BDC44030022F143 /* LoginUserRequest.swift in Sources */,
				B02732DC2C38B52A0053C7BC /* MenuViewController.swift in Sources */,
				B09F85C52C3C890100F129EB /* ChatService.swift in Sources */,
				B0D1CBE32BDBDE210022F143 /* CustomButton.swift in Sources */,
				B0D1CBE52BDBEA720022F143 /* WebViewController.swift in Sources */,
				B0D1CBFE2BDD972E0022F143 /* User.swift in Sources */,
				B0D1CBFC2BDD4CEC0022F143 /* Extensions.swift in Sources */,
				B0D1CBFA2BDD3F3B0022F143 /* Validator.swift in Sources */,
				B0D1CC002BE569160022F143 /* EmailLinkRequest.swift in Sources */,
				B0D1CBBF2BDBCB1D0022F143 /* AppDelegate.swift in Sources */,
				B083BEAA2C430DD700D0A59E /* HapticsManager.swift in Sources */,
				B09F85CB2C3D9A6F00F129EB /* ChatMessage.swift in Sources */,
				B0D1CBDC2BDBCC9F0022F143 /* RegisterViewController.swift in Sources */,
				B02732C82C3395860053C7BC /* UserChatTableViewCell.swift in Sources */,
				B0D1CBF62BDC3FC30022F143 /* RegisterUserRequest.swift in Sources */,
				B0D1CBE12BDBD8340022F143 /* CustomTextField.swift in Sources */,
				B0D1CBC12BDBCB1D0022F143 /* SceneDelegate.swift in Sources */,
				B09F85C72C3D744800F129EB /* ChatMessageRequest.swift in Sources */,
				B02732BF2C32F9DB0053C7BC /* ChatModel.swift in Sources */,
				B0D1CBDA2BDBCC760022F143 /* HomeViewController.swift in Sources */,
				B02732BD2C32F8B00053C7BC /* ChatViewModel.swift in Sources */,
				B0D1CBDF2BDBCD9B0022F143 /* AuthHeaderView.swift in Sources */,
			);
			runOnlyForDeploymentPostprocessing = 0;
		};
/* End PBXSourcesBuildPhase section */

/* Begin PBXVariantGroup section */
		B0D1CBC92BDBCB1F0022F143 /* LaunchScreen.storyboard */ = {
			isa = PBXVariantGroup;
			children = (
				B0D1CBCA2BDBCB1F0022F143 /* Base */,
			);
			name = LaunchScreen.storyboard;
			sourceTree = "<group>";
		};
/* End PBXVariantGroup section */

/* Begin XCBuildConfiguration section */
		B0D1CBCD2BDBCB1F0022F143 /* Debug */ = {
			isa = XCBuildConfiguration;
			buildSettings = {
				ALWAYS_SEARCH_USER_PATHS = NO;
				ASSETCATALOG_COMPILER_GENERATE_SWIFT_ASSET_SYMBOL_EXTENSIONS = YES;
				CLANG_ANALYZER_NONNULL = YES;
				CLANG_ANALYZER_NUMBER_OBJECT_CONVERSION = YES_AGGRESSIVE;
				CLANG_CXX_LANGUAGE_STANDARD = "gnu++20";
				CLANG_ENABLE_MODULES = YES;
				CLANG_ENABLE_OBJC_ARC = YES;
				CLANG_ENABLE_OBJC_WEAK = YES;
				CLANG_WARN_BLOCK_CAPTURE_AUTORELEASING = YES;
				CLANG_WARN_BOOL_CONVERSION = YES;
				CLANG_WARN_COMMA = YES;
				CLANG_WARN_CONSTANT_CONVERSION = YES;
				CLANG_WARN_DEPRECATED_OBJC_IMPLEMENTATIONS = YES;
				CLANG_WARN_DIRECT_OBJC_ISA_USAGE = YES_ERROR;
				CLANG_WARN_DOCUMENTATION_COMMENTS = YES;
				CLANG_WARN_EMPTY_BODY = YES;
				CLANG_WARN_ENUM_CONVERSION = YES;
				CLANG_WARN_INFINITE_RECURSION = YES;
				CLANG_WARN_INT_CONVERSION = YES;
				CLANG_WARN_NON_LITERAL_NULL_CONVERSION = YES;
				CLANG_WARN_OBJC_IMPLICIT_RETAIN_SELF = YES;
				CLANG_WARN_OBJC_LITERAL_CONVERSION = YES;
				CLANG_WARN_OBJC_ROOT_CLASS = YES_ERROR;
				CLANG_WARN_QUOTED_INCLUDE_IN_FRAMEWORK_HEADER = YES;
				CLANG_WARN_RANGE_LOOP_ANALYSIS = YES;
				CLANG_WARN_STRICT_PROTOTYPES = YES;
				CLANG_WARN_SUSPICIOUS_MOVE = YES;
				CLANG_WARN_UNGUARDED_AVAILABILITY = YES_AGGRESSIVE;
				CLANG_WARN_UNREACHABLE_CODE = YES;
				CLANG_WARN__DUPLICATE_METHOD_MATCH = YES;
				COPY_PHASE_STRIP = NO;
				DEBUG_INFORMATION_FORMAT = dwarf;
				ENABLE_STRICT_OBJC_MSGSEND = YES;
				ENABLE_TESTABILITY = YES;
				ENABLE_USER_SCRIPT_SANDBOXING = YES;
				GCC_C_LANGUAGE_STANDARD = gnu17;
				GCC_DYNAMIC_NO_PIC = NO;
				GCC_NO_COMMON_BLOCKS = YES;
				GCC_OPTIMIZATION_LEVEL = 0;
				GCC_PREPROCESSOR_DEFINITIONS = (
					"DEBUG=1",
					"$(inherited)",
				);
				GCC_WARN_64_TO_32_BIT_CONVERSION = YES;
				GCC_WARN_ABOUT_RETURN_TYPE = YES_ERROR;
				GCC_WARN_UNDECLARED_SELECTOR = YES;
				GCC_WARN_UNINITIALIZED_AUTOS = YES_AGGRESSIVE;
				GCC_WARN_UNUSED_FUNCTION = YES;
				GCC_WARN_UNUSED_VARIABLE = YES;
				IPHONEOS_DEPLOYMENT_TARGET = 17.4;
				LOCALIZATION_PREFERS_STRING_CATALOGS = YES;
				MTL_ENABLE_DEBUG_INFO = INCLUDE_SOURCE;
				MTL_FAST_MATH = YES;
				ONLY_ACTIVE_ARCH = YES;
				SDKROOT = iphoneos;
				SWIFT_ACTIVE_COMPILATION_CONDITIONS = "DEBUG $(inherited)";
				SWIFT_OPTIMIZATION_LEVEL = "-Onone";
			};
			name = Debug;
		};
		B0D1CBCE2BDBCB1F0022F143 /* Release */ = {
			isa = XCBuildConfiguration;
			buildSettings = {
				ALWAYS_SEARCH_USER_PATHS = NO;
				ASSETCATALOG_COMPILER_GENERATE_SWIFT_ASSET_SYMBOL_EXTENSIONS = YES;
				CLANG_ANALYZER_NONNULL = YES;
				CLANG_ANALYZER_NUMBER_OBJECT_CONVERSION = YES_AGGRESSIVE;
				CLANG_CXX_LANGUAGE_STANDARD = "gnu++20";
				CLANG_ENABLE_MODULES = YES;
				CLANG_ENABLE_OBJC_ARC = YES;
				CLANG_ENABLE_OBJC_WEAK = YES;
				CLANG_WARN_BLOCK_CAPTURE_AUTORELEASING = YES;
				CLANG_WARN_BOOL_CONVERSION = YES;
				CLANG_WARN_COMMA = YES;
				CLANG_WARN_CONSTANT_CONVERSION = YES;
				CLANG_WARN_DEPRECATED_OBJC_IMPLEMENTATIONS = YES;
				CLANG_WARN_DIRECT_OBJC_ISA_USAGE = YES_ERROR;
				CLANG_WARN_DOCUMENTATION_COMMENTS = YES;
				CLANG_WARN_EMPTY_BODY = YES;
				CLANG_WARN_ENUM_CONVERSION = YES;
				CLANG_WARN_INFINITE_RECURSION = YES;
				CLANG_WARN_INT_CONVERSION = YES;
				CLANG_WARN_NON_LITERAL_NULL_CONVERSION = YES;
				CLANG_WARN_OBJC_IMPLICIT_RETAIN_SELF = YES;
				CLANG_WARN_OBJC_LITERAL_CONVERSION = YES;
				CLANG_WARN_OBJC_ROOT_CLASS = YES_ERROR;
				CLANG_WARN_QUOTED_INCLUDE_IN_FRAMEWORK_HEADER = YES;
				CLANG_WARN_RANGE_LOOP_ANALYSIS = YES;
				CLANG_WARN_STRICT_PROTOTYPES = YES;
				CLANG_WARN_SUSPICIOUS_MOVE = YES;
				CLANG_WARN_UNGUARDED_AVAILABILITY = YES_AGGRESSIVE;
				CLANG_WARN_UNREACHABLE_CODE = YES;
				CLANG_WARN__DUPLICATE_METHOD_MATCH = YES;
				COPY_PHASE_STRIP = NO;
				DEBUG_INFORMATION_FORMAT = "dwarf-with-dsym";
				ENABLE_NS_ASSERTIONS = NO;
				ENABLE_STRICT_OBJC_MSGSEND = YES;
				ENABLE_USER_SCRIPT_SANDBOXING = YES;
				GCC_C_LANGUAGE_STANDARD = gnu17;
				GCC_NO_COMMON_BLOCKS = YES;
				GCC_WARN_64_TO_32_BIT_CONVERSION = YES;
				GCC_WARN_ABOUT_RETURN_TYPE = YES_ERROR;
				GCC_WARN_UNDECLARED_SELECTOR = YES;
				GCC_WARN_UNINITIALIZED_AUTOS = YES_AGGRESSIVE;
				GCC_WARN_UNUSED_FUNCTION = YES;
				GCC_WARN_UNUSED_VARIABLE = YES;
				IPHONEOS_DEPLOYMENT_TARGET = 17.4;
				LOCALIZATION_PREFERS_STRING_CATALOGS = YES;
				MTL_ENABLE_DEBUG_INFO = NO;
				MTL_FAST_MATH = YES;
				SDKROOT = iphoneos;
				SWIFT_COMPILATION_MODE = wholemodule;
				VALIDATE_PRODUCT = YES;
			};
			name = Release;
		};
		B0D1CBD02BDBCB1F0022F143 /* Debug */ = {
			isa = XCBuildConfiguration;
			buildSettings = {
				ASSETCATALOG_COMPILER_APPICON_NAME = AppIcon;
				ASSETCATALOG_COMPILER_GLOBAL_ACCENT_COLOR_NAME = AccentColor;
				CODE_SIGN_STYLE = Automatic;
				CURRENT_PROJECT_VERSION = 1;
				DEVELOPMENT_TEAM = B9ZPR786BL;
				GENERATE_INFOPLIST_FILE = YES;
				INFOPLIST_FILE = "Gemini-AI-Chat/Info.plist";
				INFOPLIST_KEY_CFBundleDisplayName = "Gemini Chat";
				INFOPLIST_KEY_NSCameraUsageDescription = "Please allow access to take a picture ";
				INFOPLIST_KEY_UIApplicationSupportsIndirectInputEvents = YES;
				INFOPLIST_KEY_UILaunchStoryboardName = LaunchScreen;
				INFOPLIST_KEY_UISupportedInterfaceOrientations = "UIInterfaceOrientationLandscapeLeft UIInterfaceOrientationLandscapeRight UIInterfaceOrientationPortrait";
				INFOPLIST_KEY_UISupportedInterfaceOrientations_iPad = "UIInterfaceOrientationLandscapeLeft UIInterfaceOrientationLandscapeRight UIInterfaceOrientationPortrait UIInterfaceOrientationPortraitUpsideDown";
				IPHONEOS_DEPLOYMENT_TARGET = 17.0;
				LD_RUNPATH_SEARCH_PATHS = (
					"$(inherited)",
					"@executable_path/Frameworks",
				);
				MARKETING_VERSION = 1.1;
				PRODUCT_BUNDLE_IDENTIFIER = "erenoske.com.gemini-ai-chat";
				PRODUCT_NAME = "gemini-ai-chat";
				SUPPORTED_PLATFORMS = "iphoneos iphonesimulator";
				SUPPORTS_MACCATALYST = NO;
				SUPPORTS_MAC_DESIGNED_FOR_IPHONE_IPAD = NO;
				SUPPORTS_XR_DESIGNED_FOR_IPHONE_IPAD = NO;
				SWIFT_EMIT_LOC_STRINGS = YES;
				SWIFT_VERSION = 5.0;
				TARGETED_DEVICE_FAMILY = 1;
			};
			name = Debug;
		};
		B0D1CBD12BDBCB1F0022F143 /* Release */ = {
			isa = XCBuildConfiguration;
			buildSettings = {
				ASSETCATALOG_COMPILER_APPICON_NAME = AppIcon;
				ASSETCATALOG_COMPILER_GLOBAL_ACCENT_COLOR_NAME = AccentColor;
				CODE_SIGN_STYLE = Automatic;
				CURRENT_PROJECT_VERSION = 1;
				DEVELOPMENT_TEAM = B9ZPR786BL;
				GENERATE_INFOPLIST_FILE = YES;
				INFOPLIST_FILE = "Gemini-AI-Chat/Info.plist";
				INFOPLIST_KEY_CFBundleDisplayName = "Gemini Chat";
				INFOPLIST_KEY_NSCameraUsageDescription = "Please allow access to take a picture ";
				INFOPLIST_KEY_UIApplicationSupportsIndirectInputEvents = YES;
				INFOPLIST_KEY_UILaunchStoryboardName = LaunchScreen;
				INFOPLIST_KEY_UISupportedInterfaceOrientations = "UIInterfaceOrientationLandscapeLeft UIInterfaceOrientationLandscapeRight UIInterfaceOrientationPortrait";
				INFOPLIST_KEY_UISupportedInterfaceOrientations_iPad = "UIInterfaceOrientationLandscapeLeft UIInterfaceOrientationLandscapeRight UIInterfaceOrientationPortrait UIInterfaceOrientationPortraitUpsideDown";
				IPHONEOS_DEPLOYMENT_TARGET = 17.0;
				LD_RUNPATH_SEARCH_PATHS = (
					"$(inherited)",
					"@executable_path/Frameworks",
				);
				MARKETING_VERSION = 1.1;
				PRODUCT_BUNDLE_IDENTIFIER = "erenoske.com.gemini-ai-chat";
				PRODUCT_NAME = "gemini-ai-chat";
				SUPPORTED_PLATFORMS = "iphoneos iphonesimulator";
				SUPPORTS_MACCATALYST = NO;
				SUPPORTS_MAC_DESIGNED_FOR_IPHONE_IPAD = NO;
				SUPPORTS_XR_DESIGNED_FOR_IPHONE_IPAD = NO;
				SWIFT_EMIT_LOC_STRINGS = YES;
				SWIFT_VERSION = 5.0;
				TARGETED_DEVICE_FAMILY = 1;
			};
			name = Release;
		};
/* End XCBuildConfiguration section */

/* Begin XCConfigurationList section */
		B0D1CBB62BDBCB1D0022F143 /* Build configuration list for PBXProject "Gemini-AI-Chat" */ = {
			isa = XCConfigurationList;
			buildConfigurations = (
				B0D1CBCD2BDBCB1F0022F143 /* Debug */,
				B0D1CBCE2BDBCB1F0022F143 /* Release */,
			);
			defaultConfigurationIsVisible = 0;
			defaultConfigurationName = Release;
		};
		B0D1CBCF2BDBCB1F0022F143 /* Build configuration list for PBXNativeTarget "swift-login-system" */ = {
			isa = XCConfigurationList;
			buildConfigurations = (
				B0D1CBD02BDBCB1F0022F143 /* Debug */,
				B0D1CBD12BDBCB1F0022F143 /* Release */,
			);
			defaultConfigurationIsVisible = 0;
			defaultConfigurationName = Release;
		};
/* End XCConfigurationList section */

/* Begin XCRemoteSwiftPackageReference section */
		B02732B22C31B5800053C7BC /* XCRemoteSwiftPackageReference "generative-ai-swift" */ = {
			isa = XCRemoteSwiftPackageReference;
			repositoryURL = "https://github.com/google/generative-ai-swift";
			requirement = {
				kind = upToNextMajorVersion;
				minimumVersion = 0.5.4;
			};
		};
		B02732C02C332DE50053C7BC /* XCRemoteSwiftPackageReference "SwiftyMarkdown" */ = {
			isa = XCRemoteSwiftPackageReference;
			repositoryURL = "https://github.com/SimonFairbairn/SwiftyMarkdown";
			requirement = {
				kind = upToNextMajorVersion;
				minimumVersion = 1.2.4;
			};
		};
		B02732D62C38AFA40053C7BC /* XCRemoteSwiftPackageReference "SideMenu" */ = {
			isa = XCRemoteSwiftPackageReference;
			repositoryURL = "https://github.com/jonkykong/SideMenu";
			requirement = {
				kind = upToNextMajorVersion;
				minimumVersion = 6.5.0;
			};
		};
		B083BEAB2C471A0800D0A59E /* XCRemoteSwiftPackageReference "GoogleSignIn-iOS" */ = {
			isa = XCRemoteSwiftPackageReference;
			repositoryURL = "https://github.com/google/GoogleSignIn-iOS";
			requirement = {
				kind = upToNextMajorVersion;
				minimumVersion = 7.1.0;
			};
		};
		B083BEB22C4731C600D0A59E /* XCRemoteSwiftPackageReference "SDWebImage" */ = {
			isa = XCRemoteSwiftPackageReference;
			repositoryURL = "https://github.com/SDWebImage/SDWebImage";
			requirement = {
				kind = upToNextMajorVersion;
				minimumVersion = 5.19.4;
			};
		};
		B083BEB72C4B4DAB00D0A59E /* XCRemoteSwiftPackageReference "UIView-Shimmer" */ = {
			isa = XCRemoteSwiftPackageReference;
			repositoryURL = "https://github.com/omerfarukozturk/UIView-Shimmer.git";
			requirement = {
				kind = upToNextMajorVersion;
				minimumVersion = 1.0.4;
			};
		};
		B0D1CBEB2BDC3DBF0022F143 /* XCRemoteSwiftPackageReference "firebase-ios-sdk" */ = {
			isa = XCRemoteSwiftPackageReference;
			repositoryURL = "https://github.com/firebase/firebase-ios-sdk";
			requirement = {
				kind = upToNextMajorVersion;
				minimumVersion = 10.24.0;
			};
		};
/* End XCRemoteSwiftPackageReference section */

/* Begin XCSwiftPackageProductDependency section */
		B02732B32C31B5800053C7BC /* GoogleGenerativeAI */ = {
			isa = XCSwiftPackageProductDependency;
			package = B02732B22C31B5800053C7BC /* XCRemoteSwiftPackageReference "generative-ai-swift" */;
			productName = GoogleGenerativeAI;
		};
		B02732C12C332DE50053C7BC /* SwiftyMarkdown */ = {
			isa = XCSwiftPackageProductDependency;
			package = B02732C02C332DE50053C7BC /* XCRemoteSwiftPackageReference "SwiftyMarkdown" */;
			productName = SwiftyMarkdown;
		};
		B02732D72C38AFA40053C7BC /* SideMenu */ = {
			isa = XCSwiftPackageProductDependency;
			package = B02732D62C38AFA40053C7BC /* XCRemoteSwiftPackageReference "SideMenu" */;
			productName = SideMenu;
		};
		B083BEAC2C471A0800D0A59E /* GoogleSignIn */ = {
			isa = XCSwiftPackageProductDependency;
			package = B083BEAB2C471A0800D0A59E /* XCRemoteSwiftPackageReference "GoogleSignIn-iOS" */;
			productName = GoogleSignIn;
		};
		B083BEAE2C471A0800D0A59E /* GoogleSignInSwift */ = {
			isa = XCSwiftPackageProductDependency;
			package = B083BEAB2C471A0800D0A59E /* XCRemoteSwiftPackageReference "GoogleSignIn-iOS" */;
			productName = GoogleSignInSwift;
		};
		B083BEB32C4731C600D0A59E /* SDWebImage */ = {
			isa = XCSwiftPackageProductDependency;
			package = B083BEB22C4731C600D0A59E /* XCRemoteSwiftPackageReference "SDWebImage" */;
			productName = SDWebImage;
		};
		B083BEB52C4731C600D0A59E /* SDWebImageMapKit */ = {
			isa = XCSwiftPackageProductDependency;
			package = B083BEB22C4731C600D0A59E /* XCRemoteSwiftPackageReference "SDWebImage" */;
			productName = SDWebImageMapKit;
		};
		B083BEB82C4B4DAB00D0A59E /* UIView-Shimmer */ = {
			isa = XCSwiftPackageProductDependency;
			package = B083BEB72C4B4DAB00D0A59E /* XCRemoteSwiftPackageReference "UIView-Shimmer" */;
			productName = "UIView-Shimmer";
		};
		B0D1CBEC2BDC3DC00022F143 /* FirebaseAuth */ = {
			isa = XCSwiftPackageProductDependency;
			package = B0D1CBEB2BDC3DBF0022F143 /* XCRemoteSwiftPackageReference "firebase-ios-sdk" */;
			productName = FirebaseAuth;
		};
		B0D1CBEE2BDC3DC00022F143 /* FirebaseFirestore */ = {
			isa = XCSwiftPackageProductDependency;
			package = B0D1CBEB2BDC3DBF0022F143 /* XCRemoteSwiftPackageReference "firebase-ios-sdk" */;
			productName = FirebaseFirestore;
		};
		B0D1CBF02BDC3DC00022F143 /* FirebaseStorage */ = {
			isa = XCSwiftPackageProductDependency;
			package = B0D1CBEB2BDC3DBF0022F143 /* XCRemoteSwiftPackageReference "firebase-ios-sdk" */;
			productName = FirebaseStorage;
		};
/* End XCSwiftPackageProductDependency section */
	};
	rootObject = B0D1CBB32BDBCB1D0022F143 /* Project object */;
}
